
Microsoft Visual Studio Solution File, Format Version 12.00
# Visual Studio Version 17
VisualStudioVersion = 17.3.32922.545
MinimumVisualStudioVersion = 10.0.40219.1
Project("{FAE04EC0-301F-11D3-BF4B-00C04F79EFBC}") = "ResizableRectangle", "ResizableIstograms\ResizableRectangle.csproj", "{0F9BCA1B-69C5-41D3-BF36-CC14F9A464F5}"
EndProject
Global
	GlobalSection(SolutionConfigurationPlatforms) = preSolution
		Debug|Any CPU = Debug|Any CPU
		Release|Any CPU = Release|Any CPU
	EndGlobalSection
	GlobalSection(ProjectConfigurationPlatforms) = postSolution
		{0F9BCA1B-69C5-41D3-BF36-CC14F9A464F5}.Debug|Any CPU.ActiveCfg = Debug|Any CPU
		{0F9BCA1B-69C5-41D3-BF36-CC14F9A464F5}.Debug|Any CPU.Build.0 = Debug|Any CPU
		{0F9BCA1B-69C5-41D3-BF36-CC14F9A464F5}.Release|Any CPU.ActiveCfg = Release|Any CPU
		{0F9BCA1B-69C5-41D3-BF36-CC14F9A464F5}.Release|Any CPU.Build.0 = Release|Any CPU
	EndGlobalSection
	GlobalSection(SolutionProperties) = preSolution
		HideSolutionNode = FALSE
	EndGlobalSection
	GlobalSection(ExtensibilityGlobals) = postSolution
		SolutionGuid = {98E211C6-DE76-4F2D-A178-C4B2B8CFA250}
	EndGlobalSection
EndGlobal
